
Microsoft Visual Studio Solution File, Format Version 12.00
# Visual Studio Version 16
VisualStudioVersion = 16.0.31829.152
MinimumVisualStudioVersion = 10.0.40219.1
Project("{FAE04EC0-301F-11D3-BF4B-00C04F79EFBC}") = "NextGen Snacky", "NextGen Snacky.csproj", "{DF24C11E-1F71-4AAD-90CE-346346C19A7A}"
EndProject
Global
	GlobalSection(SolutionConfigurationPlatforms) = preSolution
		Debug|Any CPU = Debug|Any CPU
		Release|Any CPU = Release|Any CPU
	EndGlobalSection
	GlobalSection(ProjectConfigurationPlatforms) = postSolution
		{DF24C11E-1F71-4AAD-90CE-346346C19A7A}.Debug|Any CPU.ActiveCfg = Debug|Any CPU
		{DF24C11E-1F71-4AAD-90CE-346346C19A7A}.Debug|Any CPU.Build.0 = Debug|Any CPU
		{DF24C11E-1F71-4AAD-90CE-346346C19A7A}.Release|Any CPU.ActiveCfg = Release|Any CPU
		{DF24C11E-1F71-4AAD-90CE-346346C19A7A}.Release|Any CPU.Build.0 = Release|Any CPU
	EndGlobalSection
	GlobalSection(SolutionProperties) = preSolution
		HideSolutionNode = FALSE
	EndGlobalSection
	GlobalSection(ExtensibilityGlobals) = postSolution
		SolutionGuid = {3A6ED6BD-00E8-4C03-AC5F-8AC5CCF96167}
	EndGlobalSection
EndGlobal
